// !$*UTF8*$!
{
	archiveVersion = 1;
	classes = {
	};
	objectVersion = 50;
	objects = {

/* Begin PBXBuildFile section */
		2E0CE7F12304C02F00893A84 /* AsyncOperation.swift in Sources */ = {isa = PBXBuildFile; fileRef = 2E0CE7F02304C02F00893A84 /* AsyncOperation.swift */; };
		2E0CE7F32304C04600893A84 /* SwiftAsyncOperation.swift in Sources */ = {isa = PBXBuildFile; fileRef = 2E0CE7F22304C04600893A84 /* SwiftAsyncOperation.swift */; };
		2E0CE7F62304C08000893A84 /* DisplayBrightnessChangeOperation.swift in Sources */ = {isa = PBXBuildFile; fileRef = 2E0CE7F52304C08000893A84 /* DisplayBrightnessChangeOperation.swift */; };
		2E0CE7F82304CEF200893A84 /* ScreenOperation.swift in Sources */ = {isa = PBXBuildFile; fileRef = 2E0CE7F72304CEF200893A84 /* ScreenOperation.swift */; };
		2E0CE7FA2304D04000893A84 /* ScreenBrightnessOperation.swift in Sources */ = {isa = PBXBuildFile; fileRef = 2E0CE7F92304D04000893A84 /* ScreenBrightnessOperation.swift */; };
		2E5A1BED23049B4500C5EF28 /* QRDisplay.swift in Sources */ = {isa = PBXBuildFile; fileRef = 2E5A1BEC23049B4500C5EF28 /* QRDisplay.swift */; };
		2E5A1C0123049BBA00C5EF28 /* CIFilterName.swift in Sources */ = {isa = PBXBuildFile; fileRef = 2E5A1C0023049BBA00C5EF28 /* CIFilterName.swift */; };
		2E5A1C0323049BE800C5EF28 /* QRCodeGenerator.swift in Sources */ = {isa = PBXBuildFile; fileRef = 2E5A1C0223049BE800C5EF28 /* QRCodeGenerator.swift */; };
		2E5A1C0523049C3000C5EF28 /* InputCorrectionLevel.swift in Sources */ = {isa = PBXBuildFile; fileRef = 2E5A1C0423049C3000C5EF28 /* InputCorrectionLevel.swift */; };
		2E5A1C0723049C8600C5EF28 /* QRViewController.swift in Sources */ = {isa = PBXBuildFile; fileRef = 2E5A1C0623049C8600C5EF28 /* QRViewController.swift */; };
		2E5A1C0923049DAD00C5EF28 /* QRViewControllerDataSource.swift in Sources */ = {isa = PBXBuildFile; fileRef = 2E5A1C0823049DAD00C5EF28 /* QRViewControllerDataSource.swift */; };
		2E5A1C0B23049E3800C5EF28 /* QRViewControllerDelegate.swift in Sources */ = {isa = PBXBuildFile; fileRef = 2E5A1C0A23049E3800C5EF28 /* QRViewControllerDelegate.swift */; };
		2E5A1C0F2304A9D200C5EF28 /* CoreImage.framework in Frameworks */ = {isa = PBXBuildFile; fileRef = 2E5A1C0E2304A9D200C5EF28 /* CoreImage.framework */; };
/* End PBXBuildFile section */

/* Begin PBXCopyFilesBuildPhase section */
		2E5A1BE723049B4500C5EF28 /* CopyFiles */ = {
			isa = PBXCopyFilesBuildPhase;
			buildActionMask = 2147483647;
			dstPath = "include/$(PRODUCT_NAME)";
			dstSubfolderSpec = 16;
			files = (
			);
			runOnlyForDeploymentPostprocessing = 0;
		};
/* End PBXCopyFilesBuildPhase section */

/* Begin PBXFileReference section */
		2E0CE7E62304BD1900893A84 /* ScreenBrightnessController.swift */ = {isa = PBXFileReference; lastKnownFileType = sourcecode.swift; path = ScreenBrightnessController.swift; sourceTree = "<group>"; };
		2E0CE7F02304C02F00893A84 /* AsyncOperation.swift */ = {isa = PBXFileReference; lastKnownFileType = sourcecode.swift; path = AsyncOperation.swift; sourceTree = "<group>"; };
		2E0CE7F22304C04600893A84 /* SwiftAsyncOperation.swift */ = {isa = PBXFileReference; lastKnownFileType = sourcecode.swift; path = SwiftAsyncOperation.swift; sourceTree = "<group>"; };
		2E0CE7F52304C08000893A84 /* DisplayBrightnessChangeOperation.swift */ = {isa = PBXFileReference; lastKnownFileType = sourcecode.swift; path = DisplayBrightnessChangeOperation.swift; sourceTree = "<group>"; };
		2E0CE7F72304CEF200893A84 /* ScreenOperation.swift */ = {isa = PBXFileReference; lastKnownFileType = sourcecode.swift; path = ScreenOperation.swift; sourceTree = "<group>"; };
		2E0CE7F92304D04000893A84 /* ScreenBrightnessOperation.swift */ = {isa = PBXFileReference; lastKnownFileType = sourcecode.swift; path = ScreenBrightnessOperation.swift; sourceTree = "<group>"; };
		2E5A1BE923049B4500C5EF28 /* libQRDisplay.a */ = {isa = PBXFileReference; explicitFileType = archive.ar; includeInIndex = 0; path = libQRDisplay.a; sourceTree = BUILT_PRODUCTS_DIR; };
		2E5A1BEC23049B4500C5EF28 /* QRDisplay.swift */ = {isa = PBXFileReference; lastKnownFileType = sourcecode.swift; path = QRDisplay.swift; sourceTree = "<group>"; };
		2E5A1C0023049BBA00C5EF28 /* CIFilterName.swift */ = {isa = PBXFileReference; lastKnownFileType = sourcecode.swift; path = CIFilterName.swift; sourceTree = "<group>"; };
		2E5A1C0223049BE800C5EF28 /* QRCodeGenerator.swift */ = {isa = PBXFileReference; lastKnownFileType = sourcecode.swift; path = QRCodeGenerator.swift; sourceTree = "<group>"; };
		2E5A1C0423049C3000C5EF28 /* InputCorrectionLevel.swift */ = {isa = PBXFileReference; lastKnownFileType = sourcecode.swift; path = InputCorrectionLevel.swift; sourceTree = "<group>"; };
		2E5A1C0623049C8600C5EF28 /* QRViewController.swift */ = {isa = PBXFileReference; lastKnownFileType = sourcecode.swift; path = QRViewController.swift; sourceTree = "<group>"; };
		2E5A1C0823049DAD00C5EF28 /* QRViewControllerDataSource.swift */ = {isa = PBXFileReference; lastKnownFileType = sourcecode.swift; path = QRViewControllerDataSource.swift; sourceTree = "<group>"; };
		2E5A1C0A23049E3800C5EF28 /* QRViewControllerDelegate.swift */ = {isa = PBXFileReference; lastKnownFileType = sourcecode.swift; path = QRViewControllerDelegate.swift; sourceTree = "<group>"; };
		2E5A1C0E2304A9D200C5EF28 /* CoreImage.framework */ = {isa = PBXFileReference; lastKnownFileType = wrapper.framework; name = CoreImage.framework; path = System/Library/Frameworks/CoreImage.framework; sourceTree = SDKROOT; };
/* End PBXFileReference section */

/* Begin PBXFrameworksBuildPhase section */
		2E5A1BE623049B4500C5EF28 /* Frameworks */ = {
			isa = PBXFrameworksBuildPhase;
			buildActionMask = 2147483647;
			files = (
				2E5A1C0F2304A9D200C5EF28 /* CoreImage.framework in Frameworks */,
			);
			runOnlyForDeploymentPostprocessing = 0;
		};
/* End PBXFrameworksBuildPhase section */

/* Begin PBXGroup section */
		2E0CE7F42304C06A00893A84 /* Operation */ = {
			isa = PBXGroup;
			children = (
				2E0CE7F02304C02F00893A84 /* AsyncOperation.swift */,
				2E0CE7F22304C04600893A84 /* SwiftAsyncOperation.swift */,
				2E0CE7F72304CEF200893A84 /* ScreenOperation.swift */,
				2E0CE7F92304D04000893A84 /* ScreenBrightnessOperation.swift */,
				2E0CE7F52304C08000893A84 /* DisplayBrightnessChangeOperation.swift */,
			);
			path = Operation;
			sourceTree = "<group>";
		};
		2E5A1BE023049B4500C5EF28 = {
			isa = PBXGroup;
			children = (
				2E5A1BEB23049B4500C5EF28 /* QRDisplay */,
				2E5A1BEA23049B4500C5EF28 /* Products */,
				2E5A1C0D2304A9D200C5EF28 /* Frameworks */,
			);
			sourceTree = "<group>";
		};
		2E5A1BEA23049B4500C5EF28 /* Products */ = {
			isa = PBXGroup;
			children = (
				2E5A1BE923049B4500C5EF28 /* libQRDisplay.a */,
			);
			name = Products;
			sourceTree = "<group>";
		};
		2E5A1BEB23049B4500C5EF28 /* QRDisplay */ = {
			isa = PBXGroup;
			children = (
				2E0CE7F42304C06A00893A84 /* Operation */,
				2E5A1BEC23049B4500C5EF28 /* QRDisplay.swift */,
				2E5A1C0023049BBA00C5EF28 /* CIFilterName.swift */,
				2E5A1C0423049C3000C5EF28 /* InputCorrectionLevel.swift */,
				2E5A1C0223049BE800C5EF28 /* QRCodeGenerator.swift */,
				2E5A1C0623049C8600C5EF28 /* QRViewController.swift */,
				2E5A1C0823049DAD00C5EF28 /* QRViewControllerDataSource.swift */,
				2E5A1C0A23049E3800C5EF28 /* QRViewControllerDelegate.swift */,
				2E0CE7E62304BD1900893A84 /* ScreenBrightnessController.swift */,
			);
			path = QRDisplay;
			sourceTree = "<group>";
		};
		2E5A1C0D2304A9D200C5EF28 /* Frameworks */ = {
			isa = PBXGroup;
			children = (
				2E5A1C0E2304A9D200C5EF28 /* CoreImage.framework */,
			);
			name = Frameworks;
			sourceTree = "<group>";
		};
/* End PBXGroup section */

/* Begin PBXNativeTarget section */
		2E5A1BE823049B4500C5EF28 /* QRDisplay */ = {
			isa = PBXNativeTarget;
			buildConfigurationList = 2E5A1BF023049B4500C5EF28 /* Build configuration list for PBXNativeTarget "QRDisplay" */;
			buildPhases = (
				2E5A1BE523049B4500C5EF28 /* Sources */,
				2E5A1BE623049B4500C5EF28 /* Frameworks */,
				2E5A1BE723049B4500C5EF28 /* CopyFiles */,
			);
			buildRules = (
			);
			dependencies = (
			);
			name = QRDisplay;
			productName = QRDisplay;
			productReference = 2E5A1BE923049B4500C5EF28 /* libQRDisplay.a */;
			productType = "com.apple.product-type.library.static";
		};
/* End PBXNativeTarget section */

/* Begin PBXProject section */
		2E5A1BE123049B4500C5EF28 /* Project object */ = {
			isa = PBXProject;
			attributes = {
				LastSwiftUpdateCheck = 1030;
				LastUpgradeCheck = 1030;
				ORGANIZATIONNAME = "Rthm Technologies Inc.";
				TargetAttributes = {
					2E5A1BE823049B4500C5EF28 = {
						CreatedOnToolsVersion = 10.3;
					};
				};
			};
			buildConfigurationList = 2E5A1BE423049B4500C5EF28 /* Build configuration list for PBXProject "QRDisplay" */;
			compatibilityVersion = "Xcode 9.3";
			developmentRegion = en;
			hasScannedForEncodings = 0;
			knownRegions = (
				en,
			);
			mainGroup = 2E5A1BE023049B4500C5EF28;
			productRefGroup = 2E5A1BEA23049B4500C5EF28 /* Products */;
			projectDirPath = "";
			projectRoot = "";
			targets = (
				2E5A1BE823049B4500C5EF28 /* QRDisplay */,
			);
		};
/* End PBXProject section */

/* Begin PBXSourcesBuildPhase section */
		2E5A1BE523049B4500C5EF28 /* Sources */ = {
			isa = PBXSourcesBuildPhase;
			buildActionMask = 2147483647;
			files = (
				2E5A1C0523049C3000C5EF28 /* InputCorrectionLevel.swift in Sources */,
				2E5A1C0123049BBA00C5EF28 /* CIFilterName.swift in Sources */,
				2E0CE7F62304C08000893A84 /* DisplayBrightnessChangeOperation.swift in Sources */,
				2E5A1C0323049BE800C5EF28 /* QRCodeGenerator.swift in Sources */,
				2E0CE7F32304C04600893A84 /* SwiftAsyncOperation.swift in Sources */,
				2E0CE7FA2304D04000893A84 /* ScreenBrightnessOperation.swift in Sources */,
				2E5A1BED23049B4500C5EF28 /* QRDisplay.swift in Sources */,
				2E5A1C0923049DAD00C5EF28 /* QRViewControllerDataSource.swift in Sources */,
				2E5A1C0B23049E3800C5EF28 /* QRViewControllerDelegate.swift in Sources */,
				2E5A1C0723049C8600C5EF28 /* QRViewController.swift in Sources */,
				2E0CE7F82304CEF200893A84 /* ScreenOperation.swift in Sources */,
				2E0CE7F12304C02F00893A84 /* AsyncOperation.swift in Sources */,
			);
			runOnlyForDeploymentPostprocessing = 0;
		};
/* End PBXSourcesBuildPhase section */

/* Begin XCBuildConfiguration section */
		2E5A1BEE23049B4500C5EF28 /* Debug */ = {
			isa = XCBuildConfiguration;
			buildSettings = {
				ALWAYS_SEARCH_USER_PATHS = NO;
				CLANG_ANALYZER_NONNULL = YES;
				CLANG_ANALYZER_NUMBER_OBJECT_CONVERSION = YES_AGGRESSIVE;
				CLANG_CXX_LANGUAGE_STANDARD = "gnu++14";
				CLANG_CXX_LIBRARY = "libc++";
				CLANG_ENABLE_MODULES = YES;
				CLANG_ENABLE_OBJC_ARC = YES;
				CLANG_ENABLE_OBJC_WEAK = YES;
				CLANG_WARN_BLOCK_CAPTURE_AUTORELEASING = YES;
				CLANG_WARN_BOOL_CONVERSION = YES;
				CLANG_WARN_COMMA = YES;
				CLANG_WARN_CONSTANT_CONVERSION = YES;
				CLANG_WARN_DEPRECATED_OBJC_IMPLEMENTATIONS = YES;
				CLANG_WARN_DIRECT_OBJC_ISA_USAGE = YES_ERROR;
				CLANG_WARN_DOCUMENTATION_COMMENTS = YES;
				CLANG_WARN_EMPTY_BODY = YES;
				CLANG_WARN_ENUM_CONVERSION = YES;
				CLANG_WARN_INFINITE_RECURSION = YES;
				CLANG_WARN_INT_CONVERSION = YES;
				CLANG_WARN_NON_LITERAL_NULL_CONVERSION = YES;
				CLANG_WARN_OBJC_IMPLICIT_RETAIN_SELF = YES;
				CLANG_WARN_OBJC_LITERAL_CONVERSION = YES;
				CLANG_WARN_OBJC_ROOT_CLASS = YES_ERROR;
				CLANG_WARN_RANGE_LOOP_ANALYSIS = YES;
				CLANG_WARN_STRICT_PROTOTYPES = YES;
				CLANG_WARN_SUSPICIOUS_MOVE = YES;
				CLANG_WARN_UNGUARDED_AVAILABILITY = YES_AGGRESSIVE;
				CLANG_WARN_UNREACHABLE_CODE = YES;
				CLANG_WARN__DUPLICATE_METHOD_MATCH = YES;
				CODE_SIGN_IDENTITY = "iPhone Developer";
				COPY_PHASE_STRIP = NO;
				DEBUG_INFORMATION_FORMAT = dwarf;
				ENABLE_STRICT_OBJC_MSGSEND = YES;
				ENABLE_TESTABILITY = YES;
				GCC_C_LANGUAGE_STANDARD = gnu11;
				GCC_DYNAMIC_NO_PIC = NO;
				GCC_NO_COMMON_BLOCKS = YES;
				GCC_OPTIMIZATION_LEVEL = 0;
				GCC_PREPROCESSOR_DEFINITIONS = (
					"DEBUG=1",
					"$(inherited)",
				);
				GCC_WARN_64_TO_32_BIT_CONVERSION = YES;
				GCC_WARN_ABOUT_RETURN_TYPE = YES_ERROR;
				GCC_WARN_UNDECLARED_SELECTOR = YES;
				GCC_WARN_UNINITIALIZED_AUTOS = YES_AGGRESSIVE;
				GCC_WARN_UNUSED_FUNCTION = YES;
				GCC_WARN_UNUSED_VARIABLE = YES;
				IPHONEOS_DEPLOYMENT_TARGET = 12.0;
				MTL_ENABLE_DEBUG_INFO = INCLUDE_SOURCE;
				MTL_FAST_MATH = YES;
				ONLY_ACTIVE_ARCH = YES;
				SDKROOT = iphoneos;
				SWIFT_ACTIVE_COMPILATION_CONDITIONS = DEBUG;
				SWIFT_OPTIMIZATION_LEVEL = "-Onone";
			};
			name = Debug;
		};
		2E5A1BEF23049B4500C5EF28 /* Release */ = {
			isa = XCBuildConfiguration;
			buildSettings = {
				ALWAYS_SEARCH_USER_PATHS = NO;
				CLANG_ANALYZER_NONNULL = YES;
				CLANG_ANALYZER_NUMBER_OBJECT_CONVERSION = YES_AGGRESSIVE;
				CLANG_CXX_LANGUAGE_STANDARD = "gnu++14";
				CLANG_CXX_LIBRARY = "libc++";
				CLANG_ENABLE_MODULES = YES;
				CLANG_ENABLE_OBJC_ARC = YES;
				CLANG_ENABLE_OBJC_WEAK = YES;
				CLANG_WARN_BLOCK_CAPTURE_AUTORELEASING = YES;
				CLANG_WARN_BOOL_CONVERSION = YES;
				CLANG_WARN_COMMA = YES;
				CLANG_WARN_CONSTANT_CONVERSION = YES;
				CLANG_WARN_DEPRECATED_OBJC_IMPLEMENTATIONS = YES;
				CLANG_WARN_DIRECT_OBJC_ISA_USAGE = YES_ERROR;
				CLANG_WARN_DOCUMENTATION_COMMENTS = YES;
				CLANG_WARN_EMPTY_BODY = YES;
				CLANG_WARN_ENUM_CONVERSION = YES;
				CLANG_WARN_INFINITE_RECURSION = YES;
				CLANG_WARN_INT_CONVERSION = YES;
				CLANG_WARN_NON_LITERAL_NULL_CONVERSION = YES;
				CLANG_WARN_OBJC_IMPLICIT_RETAIN_SELF = YES;
				CLANG_WARN_OBJC_LITERAL_CONVERSION = YES;
				CLANG_WARN_OBJC_ROOT_CLASS = YES_ERROR;
				CLANG_WARN_RANGE_LOOP_ANALYSIS = YES;
				CLANG_WARN_STRICT_PROTOTYPES = YES;
				CLANG_WARN_SUSPICIOUS_MOVE = YES;
				CLANG_WARN_UNGUARDED_AVAILABILITY = YES_AGGRESSIVE;
				CLANG_WARN_UNREACHABLE_CODE = YES;
				CLANG_WARN__DUPLICATE_METHOD_MATCH = YES;
				CODE_SIGN_IDENTITY = "iPhone Developer";
				COPY_PHASE_STRIP = NO;
				DEBUG_INFORMATION_FORMAT = "dwarf-with-dsym";
				ENABLE_NS_ASSERTIONS = NO;
				ENABLE_STRICT_OBJC_MSGSEND = YES;
				GCC_C_LANGUAGE_STANDARD = gnu11;
				GCC_NO_COMMON_BLOCKS = YES;
				GCC_WARN_64_TO_32_BIT_CONVERSION = YES;
				GCC_WARN_ABOUT_RETURN_TYPE = YES_ERROR;
				GCC_WARN_UNDECLARED_SELECTOR = YES;
				GCC_WARN_UNINITIALIZED_AUTOS = YES_AGGRESSIVE;
				GCC_WARN_UNUSED_FUNCTION = YES;
				GCC_WARN_UNUSED_VARIABLE = YES;
				IPHONEOS_DEPLOYMENT_TARGET = 12.0;
				MTL_ENABLE_DEBUG_INFO = NO;
				MTL_FAST_MATH = YES;
				SDKROOT = iphoneos;
				SWIFT_COMPILATION_MODE = wholemodule;
				SWIFT_OPTIMIZATION_LEVEL = "-O";
				VALIDATE_PRODUCT = YES;
			};
			name = Release;
		};
		2E5A1BF123049B4500C5EF28 /* Debug */ = {
			isa = XCBuildConfiguration;
			buildSettings = {
				CODE_SIGN_STYLE = Automatic;
				DEVELOPMENT_TEAM = BM488JANTA;
				OTHER_LDFLAGS = "-ObjC";
				PRODUCT_NAME = "$(TARGET_NAME)";
				SKIP_INSTALL = YES;
				SWIFT_VERSION = 5.0;
				TARGETED_DEVICE_FAMILY = "1,2";
			};
			name = Debug;
		};
		2E5A1BF223049B4500C5EF28 /* Release */ = {
			isa = XCBuildConfiguration;
			buildSettings = {
				CODE_SIGN_STYLE = Automatic;
				DEVELOPMENT_TEAM = BM488JANTA;
				OTHER_LDFLAGS = "-ObjC";
				PRODUCT_NAME = "$(TARGET_NAME)";
				SKIP_INSTALL = YES;
				SWIFT_VERSION = 5.0;
				TARGETED_DEVICE_FAMILY = "1,2";
			};
			name = Release;
		};
/* End XCBuildConfiguration section */

/* Begin XCConfigurationList section */
		2E5A1BE423049B4500C5EF28 /* Build configuration list for PBXProject "QRDisplay" */ = {
			isa = XCConfigurationList;
			buildConfigurations = (
				2E5A1BEE23049B4500C5EF28 /* Debug */,
				2E5A1BEF23049B4500C5EF28 /* Release */,
			);
			defaultConfigurationIsVisible = 0;
			defaultConfigurationName = Release;
		};
		2E5A1BF023049B4500C5EF28 /* Build configuration list for PBXNativeTarget "QRDisplay" */ = {
			isa = XCConfigurationList;
			buildConfigurations = (
				2E5A1BF123049B4500C5EF28 /* Debug */,
				2E5A1BF223049B4500C5EF28 /* Release */,
			);
			defaultConfigurationIsVisible = 0;
			defaultConfigurationName = Release;
		};
/* End XCConfigurationList section */
	};
	rootObject = 2E5A1BE123049B4500C5EF28 /* Project object */;
}
