// !$*UTF8*$!
{
	archiveVersion = 1;
	classes = {
	};
	objectVersion = 50;
	objects = {

/* Begin PBXBuildFile section */
		2E5A1C1D2304AD1000C5EF28 /* AppDelegate.swift in Sources */ = {isa = PBXBuildFile; fileRef = 2E5A1C1C2304AD1000C5EF28 /* AppDelegate.swift */; };
		2E5A1C222304AD1000C5EF28 /* Main.storyboard in Resources */ = {isa = PBXBuildFile; fileRef = 2E5A1C202304AD1000C5EF28 /* Main.storyboard */; };
		2E5A1C242304AD1200C5EF28 /* Assets.xcassets in Resources */ = {isa = PBXBuildFile; fileRef = 2E5A1C232304AD1200C5EF28 /* Assets.xcassets */; };
		2E5A1C272304AD1200C5EF28 /* LaunchScreen.storyboard in Resources */ = {isa = PBXBuildFile; fileRef = 2E5A1C252304AD1200C5EF28 /* LaunchScreen.storyboard */; };
		2E5A1C352304AD9800C5EF28 /* libQRDisplay.a in Frameworks */ = {isa = PBXBuildFile; fileRef = 2E5A1C332304AD5300C5EF28 /* libQRDisplay.a */; };
		2E5A1C372304ADB900C5EF28 /* QRCodeViewController.swift in Sources */ = {isa = PBXBuildFile; fileRef = 2E5A1C362304ADB900C5EF28 /* QRCodeViewController.swift */; };
		2E5A1C3F2304B6E000C5EF28 /* TableViewController.swift in Sources */ = {isa = PBXBuildFile; fileRef = 2E5A1C3E2304B6E000C5EF28 /* TableViewController.swift */; };
/* End PBXBuildFile section */

/* Begin PBXContainerItemProxy section */
		2E5A1C322304AD5300C5EF28 /* PBXContainerItemProxy */ = {
			isa = PBXContainerItemProxy;
			containerPortal = 2E5A1C2E2304AD5300C5EF28 /* QRDisplay.xcodeproj */;
			proxyType = 2;
			remoteGlobalIDString = 2E5A1BE923049B4500C5EF28;
			remoteInfo = QRDisplay;
		};
/* End PBXContainerItemProxy section */

/* Begin PBXFileReference section */
		2E5A1C192304AD1000C5EF28 /* QRCodeDisplay.app */ = {isa = PBXFileReference; explicitFileType = wrapper.application; includeInIndex = 0; path = QRCodeDisplay.app; sourceTree = BUILT_PRODUCTS_DIR; };
		2E5A1C1C2304AD1000C5EF28 /* AppDelegate.swift */ = {isa = PBXFileReference; lastKnownFileType = sourcecode.swift; path = AppDelegate.swift; sourceTree = "<group>"; };
		2E5A1C212304AD1000C5EF28 /* Base */ = {isa = PBXFileReference; lastKnownFileType = file.storyboard; name = Base; path = Base.lproj/Main.storyboard; sourceTree = "<group>"; };
		2E5A1C232304AD1200C5EF28 /* Assets.xcassets */ = {isa = PBXFileReference; lastKnownFileType = folder.assetcatalog; path = Assets.xcassets; sourceTree = "<group>"; };
		2E5A1C262304AD1200C5EF28 /* Base */ = {isa = PBXFileReference; lastKnownFileType = file.storyboard; name = Base; path = Base.lproj/LaunchScreen.storyboard; sourceTree = "<group>"; };
		2E5A1C282304AD1200C5EF28 /* Info.plist */ = {isa = PBXFileReference; lastKnownFileType = text.plist.xml; path = Info.plist; sourceTree = "<group>"; };
		2E5A1C2E2304AD5300C5EF28 /* QRDisplay.xcodeproj */ = {isa = PBXFileReference; lastKnownFileType = "wrapper.pb-project"; name = QRDisplay.xcodeproj; path = QRDisplay/QRDisplay.xcodeproj; sourceTree = "<group>"; };
		2E5A1C362304ADB900C5EF28 /* QRCodeViewController.swift */ = {isa = PBXFileReference; lastKnownFileType = sourcecode.swift; path = QRCodeViewController.swift; sourceTree = "<group>"; };
		2E5A1C3E2304B6E000C5EF28 /* TableViewController.swift */ = {isa = PBXFileReference; lastKnownFileType = sourcecode.swift; path = TableViewController.swift; sourceTree = "<group>"; };
/* End PBXFileReference section */

/* Begin PBXFrameworksBuildPhase section */
		2E5A1C162304AD1000C5EF28 /* Frameworks */ = {
			isa = PBXFrameworksBuildPhase;
			buildActionMask = 2147483647;
			files = (
				2E5A1C352304AD9800C5EF28 /* libQRDisplay.a in Frameworks */,
			);
			runOnlyForDeploymentPostprocessing = 0;
		};
/* End PBXFrameworksBuildPhase section */

/* Begin PBXGroup section */
		2E5A1C102304AD1000C5EF28 = {
			isa = PBXGroup;
			children = (
				2E5A1C2E2304AD5300C5EF28 /* QRDisplay.xcodeproj */,
				2E5A1C1B2304AD1000C5EF28 /* QRCodeDisplay */,
				2E5A1C1A2304AD1000C5EF28 /* Products */,
				2E5A1C342304AD9800C5EF28 /* Frameworks */,
			);
			sourceTree = "<group>";
		};
		2E5A1C1A2304AD1000C5EF28 /* Products */ = {
			isa = PBXGroup;
			children = (
				2E5A1C192304AD1000C5EF28 /* QRCodeDisplay.app */,
			);
			name = Products;
			sourceTree = "<group>";
		};
		2E5A1C1B2304AD1000C5EF28 /* QRCodeDisplay */ = {
			isa = PBXGroup;
			children = (
				2E5A1C1C2304AD1000C5EF28 /* AppDelegate.swift */,
				2E5A1C3E2304B6E000C5EF28 /* TableViewController.swift */,
				2E5A1C362304ADB900C5EF28 /* QRCodeViewController.swift */,
				2E5A1C202304AD1000C5EF28 /* Main.storyboard */,
				2E5A1C232304AD1200C5EF28 /* Assets.xcassets */,
				2E5A1C252304AD1200C5EF28 /* LaunchScreen.storyboard */,
				2E5A1C282304AD1200C5EF28 /* Info.plist */,
			);
			path = QRCodeDisplay;
			sourceTree = "<group>";
		};
		2E5A1C2F2304AD5300C5EF28 /* Products */ = {
			isa = PBXGroup;
			children = (
				2E5A1C332304AD5300C5EF28 /* libQRDisplay.a */,
			);
			name = Products;
			sourceTree = "<group>";
		};
		2E5A1C342304AD9800C5EF28 /* Frameworks */ = {
			isa = PBXGroup;
			children = (
			);
			name = Frameworks;
			sourceTree = "<group>";
		};
/* End PBXGroup section */

/* Begin PBXNativeTarget section */
		2E5A1C182304AD1000C5EF28 /* QRCodeDisplay */ = {
			isa = PBXNativeTarget;
			buildConfigurationList = 2E5A1C2B2304AD1200C5EF28 /* Build configuration list for PBXNativeTarget "QRCodeDisplay" */;
			buildPhases = (
				2E5A1C152304AD1000C5EF28 /* Sources */,
				2E5A1C162304AD1000C5EF28 /* Frameworks */,
				2E5A1C172304AD1000C5EF28 /* Resources */,
			);
			buildRules = (
			);
			dependencies = (
			);
			name = QRCodeDisplay;
			productName = QRCodeDisplay;
			productReference = 2E5A1C192304AD1000C5EF28 /* QRCodeDisplay.app */;
			productType = "com.apple.product-type.application";
		};
/* End PBXNativeTarget section */

/* Begin PBXProject section */
		2E5A1C112304AD1000C5EF28 /* Project object */ = {
			isa = PBXProject;
			attributes = {
				LastSwiftUpdateCheck = 1030;
				LastUpgradeCheck = 1030;
				ORGANIZATIONNAME = "Wenzhong Inc.";
				TargetAttributes = {
					2E5A1C182304AD1000C5EF28 = {
						CreatedOnToolsVersion = 10.3;
					};
				};
			};
			buildConfigurationList = 2E5A1C142304AD1000C5EF28 /* Build configuration list for PBXProject "QRCodeDisplay" */;
			compatibilityVersion = "Xcode 9.3";
			developmentRegion = en;
			hasScannedForEncodings = 0;
			knownRegions = (
				en,
				Base,
			);
			mainGroup = 2E5A1C102304AD1000C5EF28;
			productRefGroup = 2E5A1C1A2304AD1000C5EF28 /* Products */;
			projectDirPath = "";
			projectReferences = (
				{
					ProductGroup = 2E5A1C2F2304AD5300C5EF28 /* Products */;
					ProjectRef = 2E5A1C2E2304AD5300C5EF28 /* QRDisplay.xcodeproj */;
				},
			);
			projectRoot = "";
			targets = (
				2E5A1C182304AD1000C5EF28 /* QRCodeDisplay */,
			);
		};
/* End PBXProject section */

/* Begin PBXReferenceProxy section */
		2E5A1C332304AD5300C5EF28 /* libQRDisplay.a */ = {
			isa = PBXReferenceProxy;
			fileType = archive.ar;
			path = libQRDisplay.a;
			remoteRef = 2E5A1C322304AD5300C5EF28 /* PBXContainerItemProxy */;
			sourceTree = BUILT_PRODUCTS_DIR;
		};
/* End PBXReferenceProxy section */

/* Begin PBXResourcesBuildPhase section */
		2E5A1C172304AD1000C5EF28 /* Resources */ = {
			isa = PBXResourcesBuildPhase;
			buildActionMask = 2147483647;
			files = (
				2E5A1C272304AD1200C5EF28 /* LaunchScreen.storyboard in Resources */,
				2E5A1C242304AD1200C5EF28 /* Assets.xcassets in Resources */,
				2E5A1C222304AD1000C5EF28 /* Main.storyboard in Resources */,
			);
			runOnlyForDeploymentPostprocessing = 0;
		};
/* End PBXResourcesBuildPhase section */

/* Begin PBXSourcesBuildPhase section */
		2E5A1C152304AD1000C5EF28 /* Sources */ = {
			isa = PBXSourcesBuildPhase;
			buildActionMask = 2147483647;
			files = (
				2E5A1C372304ADB900C5EF28 /* QRCodeViewController.swift in Sources */,
				2E5A1C3F2304B6E000C5EF28 /* TableViewController.swift in Sources */,
				2E5A1C1D2304AD1000C5EF28 /* AppDelegate.swift in Sources */,
			);
			runOnlyForDeploymentPostprocessing = 0;
		};
/* End PBXSourcesBuildPhase section */

/* Begin PBXVariantGroup section */
		2E5A1C202304AD1000C5EF28 /* Main.storyboard */ = {
			isa = PBXVariantGroup;
			children = (
				2E5A1C212304AD1000C5EF28 /* Base */,
			);
			name = Main.storyboard;
			sourceTree = "<group>";
		};
		2E5A1C252304AD1200C5EF28 /* LaunchScreen.storyboard */ = {
			isa = PBXVariantGroup;
			children = (
				2E5A1C262304AD1200C5EF28 /* Base */,
			);
			name = LaunchScreen.storyboard;
			sourceTree = "<group>";
		};
/* End PBXVariantGroup section */

/* Begin XCBuildConfiguration section */
		2E5A1C292304AD1200C5EF28 /* Debug */ = {
			isa = XCBuildConfiguration;
			buildSettings = {
				ALWAYS_SEARCH_USER_PATHS = NO;
				CLANG_ANALYZER_NONNULL = YES;
				CLANG_ANALYZER_NUMBER_OBJECT_CONVERSION = YES_AGGRESSIVE;
				CLANG_CXX_LANGUAGE_STANDARD = "gnu++14";
				CLANG_CXX_LIBRARY = "libc++";
				CLANG_ENABLE_MODULES = YES;
				CLANG_ENABLE_OBJC_ARC = YES;
				CLANG_ENABLE_OBJC_WEAK = YES;
				CLANG_WARN_BLOCK_CAPTURE_AUTORELEASING = YES;
				CLANG_WARN_BOOL_CONVERSION = YES;
				CLANG_WARN_COMMA = YES;
				CLANG_WARN_CONSTANT_CONVERSION = YES;
				CLANG_WARN_DEPRECATED_OBJC_IMPLEMENTATIONS = YES;
				CLANG_WARN_DIRECT_OBJC_ISA_USAGE = YES_ERROR;
				CLANG_WARN_DOCUMENTATION_COMMENTS = YES;
				CLANG_WARN_EMPTY_BODY = YES;
				CLANG_WARN_ENUM_CONVERSION = YES;
				CLANG_WARN_INFINITE_RECURSION = YES;
				CLANG_WARN_INT_CONVERSION = YES;
				CLANG_WARN_NON_LITERAL_NULL_CONVERSION = YES;
				CLANG_WARN_OBJC_IMPLICIT_RETAIN_SELF = YES;
				CLANG_WARN_OBJC_LITERAL_CONVERSION = YES;
				CLANG_WARN_OBJC_ROOT_CLASS = YES_ERROR;
				CLANG_WARN_RANGE_LOOP_ANALYSIS = YES;
				CLANG_WARN_STRICT_PROTOTYPES = YES;
				CLANG_WARN_SUSPICIOUS_MOVE = YES;
				CLANG_WARN_UNGUARDED_AVAILABILITY = YES_AGGRESSIVE;
				CLANG_WARN_UNREACHABLE_CODE = YES;
				CLANG_WARN__DUPLICATE_METHOD_MATCH = YES;
				CODE_SIGN_IDENTITY = "iPhone Developer";
				COPY_PHASE_STRIP = NO;
				DEBUG_INFORMATION_FORMAT = dwarf;
				ENABLE_STRICT_OBJC_MSGSEND = YES;
				ENABLE_TESTABILITY = YES;
				GCC_C_LANGUAGE_STANDARD = gnu11;
				GCC_DYNAMIC_NO_PIC = NO;
				GCC_NO_COMMON_BLOCKS = YES;
				GCC_OPTIMIZATION_LEVEL = 0;
				GCC_PREPROCESSOR_DEFINITIONS = (
					"DEBUG=1",
					"$(inherited)",
				);
				GCC_WARN_64_TO_32_BIT_CONVERSION = YES;
				GCC_WARN_ABOUT_RETURN_TYPE = YES_ERROR;
				GCC_WARN_UNDECLARED_SELECTOR = YES;
				GCC_WARN_UNINITIALIZED_AUTOS = YES_AGGRESSIVE;
				GCC_WARN_UNUSED_FUNCTION = YES;
				GCC_WARN_UNUSED_VARIABLE = YES;
				IPHONEOS_DEPLOYMENT_TARGET = 12.4;
				MTL_ENABLE_DEBUG_INFO = INCLUDE_SOURCE;
				MTL_FAST_MATH = YES;
				ONLY_ACTIVE_ARCH = YES;
				SDKROOT = iphoneos;
				SWIFT_ACTIVE_COMPILATION_CONDITIONS = DEBUG;
				SWIFT_OPTIMIZATION_LEVEL = "-Onone";
			};
			name = Debug;
		};
		2E5A1C2A2304AD1200C5EF28 /* Release */ = {
			isa = XCBuildConfiguration;
			buildSettings = {
				ALWAYS_SEARCH_USER_PATHS = NO;
				CLANG_ANALYZER_NONNULL = YES;
				CLANG_ANALYZER_NUMBER_OBJECT_CONVERSION = YES_AGGRESSIVE;
				CLANG_CXX_LANGUAGE_STANDARD = "gnu++14";
				CLANG_CXX_LIBRARY = "libc++";
				CLANG_ENABLE_MODULES = YES;
				CLANG_ENABLE_OBJC_ARC = YES;
				CLANG_ENABLE_OBJC_WEAK = YES;
				CLANG_WARN_BLOCK_CAPTURE_AUTORELEASING = YES;
				CLANG_WARN_BOOL_CONVERSION = YES;
				CLANG_WARN_COMMA = YES;
				CLANG_WARN_CONSTANT_CONVERSION = YES;
				CLANG_WARN_DEPRECATED_OBJC_IMPLEMENTATIONS = YES;
				CLANG_WARN_DIRECT_OBJC_ISA_USAGE = YES_ERROR;
				CLANG_WARN_DOCUMENTATION_COMMENTS = YES;
				CLANG_WARN_EMPTY_BODY = YES;
				CLANG_WARN_ENUM_CONVERSION = YES;
				CLANG_WARN_INFINITE_RECURSION = YES;
				CLANG_WARN_INT_CONVERSION = YES;
				CLANG_WARN_NON_LITERAL_NULL_CONVERSION = YES;
				CLANG_WARN_OBJC_IMPLICIT_RETAIN_SELF = YES;
				CLANG_WARN_OBJC_LITERAL_CONVERSION = YES;
				CLANG_WARN_OBJC_ROOT_CLASS = YES_ERROR;
				CLANG_WARN_RANGE_LOOP_ANALYSIS = YES;
				CLANG_WARN_STRICT_PROTOTYPES = YES;
				CLANG_WARN_SUSPICIOUS_MOVE = YES;
				CLANG_WARN_UNGUARDED_AVAILABILITY = YES_AGGRESSIVE;
				CLANG_WARN_UNREACHABLE_CODE = YES;
				CLANG_WARN__DUPLICATE_METHOD_MATCH = YES;
				CODE_SIGN_IDENTITY = "iPhone Developer";
				COPY_PHASE_STRIP = NO;
				DEBUG_INFORMATION_FORMAT = "dwarf-with-dsym";
				ENABLE_NS_ASSERTIONS = NO;
				ENABLE_STRICT_OBJC_MSGSEND = YES;
				GCC_C_LANGUAGE_STANDARD = gnu11;
				GCC_NO_COMMON_BLOCKS = YES;
				GCC_WARN_64_TO_32_BIT_CONVERSION = YES;
				GCC_WARN_ABOUT_RETURN_TYPE = YES_ERROR;
				GCC_WARN_UNDECLARED_SELECTOR = YES;
				GCC_WARN_UNINITIALIZED_AUTOS = YES_AGGRESSIVE;
				GCC_WARN_UNUSED_FUNCTION = YES;
				GCC_WARN_UNUSED_VARIABLE = YES;
				IPHONEOS_DEPLOYMENT_TARGET = 12.4;
				MTL_ENABLE_DEBUG_INFO = NO;
				MTL_FAST_MATH = YES;
				SDKROOT = iphoneos;
				SWIFT_COMPILATION_MODE = wholemodule;
				SWIFT_OPTIMIZATION_LEVEL = "-O";
				VALIDATE_PRODUCT = YES;
			};
			name = Release;
		};
		2E5A1C2C2304AD1200C5EF28 /* Debug */ = {
			isa = XCBuildConfiguration;
			buildSettings = {
				ASSETCATALOG_COMPILER_APPICON_NAME = AppIcon;
				CODE_SIGN_STYLE = Automatic;
				DEVELOPMENT_TEAM = 9KK9A646LL;
				INFOPLIST_FILE = QRCodeDisplay/Info.plist;
				LD_RUNPATH_SEARCH_PATHS = (
					"$(inherited)",
					"@executable_path/Frameworks",
				);
				PRODUCT_BUNDLE_IDENTIFIER = com.wenzhongzhang.QRCodeDisplay;
				PRODUCT_NAME = "$(TARGET_NAME)";
				SWIFT_VERSION = 5.0;
				TARGETED_DEVICE_FAMILY = "1,2";
			};
			name = Debug;
		};
		2E5A1C2D2304AD1200C5EF28 /* Release */ = {
			isa = XCBuildConfiguration;
			buildSettings = {
				ASSETCATALOG_COMPILER_APPICON_NAME = AppIcon;
				CODE_SIGN_STYLE = Automatic;
				DEVELOPMENT_TEAM = 9KK9A646LL;
				INFOPLIST_FILE = QRCodeDisplay/Info.plist;
				LD_RUNPATH_SEARCH_PATHS = (
					"$(inherited)",
					"@executable_path/Frameworks",
				);
				PRODUCT_BUNDLE_IDENTIFIER = com.wenzhongzhang.QRCodeDisplay;
				PRODUCT_NAME = "$(TARGET_NAME)";
				SWIFT_VERSION = 5.0;
				TARGETED_DEVICE_FAMILY = "1,2";
			};
			name = Release;
		};
/* End XCBuildConfiguration section */

/* Begin XCConfigurationList section */
		2E5A1C142304AD1000C5EF28 /* Build configuration list for PBXProject "QRCodeDisplay" */ = {
			isa = XCConfigurationList;
			buildConfigurations = (
				2E5A1C292304AD1200C5EF28 /* Debug */,
				2E5A1C2A2304AD1200C5EF28 /* Release */,
			);
			defaultConfigurationIsVisible = 0;
			defaultConfigurationName = Release;
		};
		2E5A1C2B2304AD1200C5EF28 /* Build configuration list for PBXNativeTarget "QRCodeDisplay" */ = {
			isa = XCConfigurationList;
			buildConfigurations = (
				2E5A1C2C2304AD1200C5EF28 /* Debug */,
				2E5A1C2D2304AD1200C5EF28 /* Release */,
			);
			defaultConfigurationIsVisible = 0;
			defaultConfigurationName = Release;
		};
/* End XCConfigurationList section */
	};
	rootObject = 2E5A1C112304AD1000C5EF28 /* Project object */;
}
